
Microsoft Visual Studio Solution File, Format Version 12.00
# Visual Studio Version 17
VisualStudioVersion = 17.4.33213.308
MinimumVisualStudioVersion = 10.0.40219.1
Project("{9A19103F-16F7-4668-BE54-9A1E7A4F7556}") = "TodApi", "TodApi.csproj", "{F8A9C2C4-E531-4161-B9C4-4DC1A18D7281}"
EndProject
Project("{9A19103F-16F7-4668-BE54-9A1E7A4F7556}") = "TodApiTests1", "..\TodApiTests1\TodApiTests1.csproj", "{28D2DAC6-79C1-43C4-9EA2-263B8ED50440}"
EndProject
Global
	GlobalSection(SolutionConfigurationPlatforms) = preSolution
		Debug|Any CPU = Debug|Any CPU
		Release|Any CPU = Release|Any CPU
	EndGlobalSection
	GlobalSection(ProjectConfigurationPlatforms) = postSolution
		{F8A9C2C4-E531-4161-B9C4-4DC1A18D7281}.Debug|Any CPU.ActiveCfg = Debug|Any CPU
		{F8A9C2C4-E531-4161-B9C4-4DC1A18D7281}.Debug|Any CPU.Build.0 = Debug|Any CPU
		{F8A9C2C4-E531-4161-B9C4-4DC1A18D7281}.Release|Any CPU.ActiveCfg = Release|Any CPU
		{F8A9C2C4-E531-4161-B9C4-4DC1A18D7281}.Release|Any CPU.Build.0 = Release|Any CPU
		{28D2DAC6-79C1-43C4-9EA2-263B8ED50440}.Debug|Any CPU.ActiveCfg = Debug|Any CPU
		{28D2DAC6-79C1-43C4-9EA2-263B8ED50440}.Debug|Any CPU.Build.0 = Debug|Any CPU
		{28D2DAC6-79C1-43C4-9EA2-263B8ED50440}.Release|Any CPU.ActiveCfg = Release|Any CPU
		{28D2DAC6-79C1-43C4-9EA2-263B8ED50440}.Release|Any CPU.Build.0 = Release|Any CPU
	EndGlobalSection
	GlobalSection(SolutionProperties) = preSolution
		HideSolutionNode = FALSE
	EndGlobalSection
	GlobalSection(ExtensibilityGlobals) = postSolution
		SolutionGuid = {1FC8786F-7C5C-476D-8F34-557973733CF5}
	EndGlobalSection
EndGlobal
